Microsoft Visual Studio Solution File, Format Version 9.00
# Visual C++ Express 2005
Project("{8BC9CEB8-8B4A-11D0-8D11-00A0C91BC942}") = "libcrypto", "openssl\libcrypto7.vcproj", "{2CDE4048-6C67-439F-83A8-9B69D1EE3A36}"
EndProject
Project("{8BC9CEB8-8B4A-11D0-8D11-00A0C91BC942}") = "libssl", "openssl\libssl7.vcproj", "{EA2DE605-D411-41EC-9AD6-A7A4DEAF1081}"
EndProject
Project("{8BC9CEB8-8B4A-11D0-8D11-00A0C91BC942}") = "buznet7", "buznet7.vcproj", "{35929E4A-C0E0-4103-8029-AB513E09ECF4}"
	ProjectSection(ProjectDependencies) = postProject
		{EA2DE605-D411-41EC-9AD6-A7A4DEAF1081} = {EA2DE605-D411-41EC-9AD6-A7A4DEAF1081}
		{2CDE4048-6C67-439F-83A8-9B69D1EE3A36} = {2CDE4048-6C67-439F-83A8-9B69D1EE3A36}
		{2CDE4048-6C67-439F-83A8-9B69D1EE3A36} = {2CDE4048-6C67-439F-83A8-9B69D1EE3A36}
	EndProjectSection
EndProject
Project("{8BC9CEB8-8B4A-11D0-8D11-00A0C91BC942}") = "zlib", "zlib\zlib-1.2.3\projects\visualc6\zlib.vcproj", "{E74CCDC6-9CB3-4AD8-8543-ECEB994CC79C}"
EndProject
Global
	GlobalSection(SolutionConfigurationPlatforms) = preSolution
		Debug|Win32 = Debug|Win32
		DLL ASM Debug|Win32 = DLL ASM Debug|Win32
		DLL ASM Release|Win32 = DLL ASM Release|Win32
		DLL Debug|Win32 = DLL Debug|Win32
		DLL Release|Win32 = DLL Release|Win32
		LIB ASM Debug|Win32 = LIB ASM Debug|Win32
		LIB ASM Release|Win32 = LIB ASM Release|Win32
		LIB Debug|Win32 = LIB Debug|Win32
		LIB Release|Win32 = LIB Release|Win32
		Release|Win32 = Release|Win32
		RelFull|Win32 = RelFull|Win32
	EndGlobalSection
	GlobalSection(ProjectConfigurationPlatforms) = postSolution
		{2CDE4048-6C67-439F-83A8-9B69D1EE3A36}.Debug|Win32.ActiveCfg = Debug|Win32
		{2CDE4048-6C67-439F-83A8-9B69D1EE3A36}.Debug|Win32.Build.0 = Debug|Win32
		{2CDE4048-6C67-439F-83A8-9B69D1EE3A36}.DLL ASM Debug|Win32.ActiveCfg = Debug|Win32
		{2CDE4048-6C67-439F-83A8-9B69D1EE3A36}.DLL ASM Debug|Win32.Build.0 = Debug|Win32
		{2CDE4048-6C67-439F-83A8-9B69D1EE3A36}.DLL ASM Release|Win32.ActiveCfg = Release|Win32
		{2CDE4048-6C67-439F-83A8-9B69D1EE3A36}.DLL ASM Release|Win32.Build.0 = Release|Win32
		{2CDE4048-6C67-439F-83A8-9B69D1EE3A36}.DLL Debug|Win32.ActiveCfg = Debug|Win32
		{2CDE4048-6C67-439F-83A8-9B69D1EE3A36}.DLL Debug|Win32.Build.0 = Debug|Win32
		{2CDE4048-6C67-439F-83A8-9B69D1EE3A36}.DLL Release|Win32.ActiveCfg = Release|Win32
		{2CDE4048-6C67-439F-83A8-9B69D1EE3A36}.DLL Release|Win32.Build.0 = Release|Win32
		{2CDE4048-6C67-439F-83A8-9B69D1EE3A36}.LIB ASM Debug|Win32.ActiveCfg = Debug|Win32
		{2CDE4048-6C67-439F-83A8-9B69D1EE3A36}.LIB ASM Debug|Win32.Build.0 = Debug|Win32
		{2CDE4048-6C67-439F-83A8-9B69D1EE3A36}.LIB ASM Release|Win32.ActiveCfg = Release|Win32
		{2CDE4048-6C67-439F-83A8-9B69D1EE3A36}.LIB ASM Release|Win32.Build.0 = Release|Win32
		{2CDE4048-6C67-439F-83A8-9B69D1EE3A36}.LIB Debug|Win32.ActiveCfg = Debug|Win32
		{2CDE4048-6C67-439F-83A8-9B69D1EE3A36}.LIB Debug|Win32.Build.0 = Debug|Win32
		{2CDE4048-6C67-439F-83A8-9B69D1EE3A36}.LIB Release|Win32.ActiveCfg = Release|Win32
		{2CDE4048-6C67-439F-83A8-9B69D1EE3A36}.LIB Release|Win32.Build.0 = Release|Win32
		{2CDE4048-6C67-439F-83A8-9B69D1EE3A36}.Release|Win32.ActiveCfg = Release|Win32
		{2CDE4048-6C67-439F-83A8-9B69D1EE3A36}.Release|Win32.Build.0 = Release|Win32
		{2CDE4048-6C67-439F-83A8-9B69D1EE3A36}.RelFull|Win32.ActiveCfg = RelFull|Win32
		{2CDE4048-6C67-439F-83A8-9B69D1EE3A36}.RelFull|Win32.Build.0 = RelFull|Win32
		{EA2DE605-D411-41EC-9AD6-A7A4DEAF1081}.Debug|Win32.ActiveCfg = Debug|Win32
		{EA2DE605-D411-41EC-9AD6-A7A4DEAF1081}.DLL ASM Debug|Win32.ActiveCfg = Debug|Win32
		{EA2DE605-D411-41EC-9AD6-A7A4DEAF1081}.DLL ASM Debug|Win32.Build.0 = Debug|Win32
		{EA2DE605-D411-41EC-9AD6-A7A4DEAF1081}.DLL ASM Release|Win32.ActiveCfg = Release|Win32
		{EA2DE605-D411-41EC-9AD6-A7A4DEAF1081}.DLL ASM Release|Win32.Build.0 = Release|Win32
		{EA2DE605-D411-41EC-9AD6-A7A4DEAF1081}.DLL Debug|Win32.ActiveCfg = Debug|Win32
		{EA2DE605-D411-41EC-9AD6-A7A4DEAF1081}.DLL Debug|Win32.Build.0 = Debug|Win32
		{EA2DE605-D411-41EC-9AD6-A7A4DEAF1081}.DLL Release|Win32.ActiveCfg = Release|Win32
		{EA2DE605-D411-41EC-9AD6-A7A4DEAF1081}.DLL Release|Win32.Build.0 = Release|Win32
		{EA2DE605-D411-41EC-9AD6-A7A4DEAF1081}.LIB ASM Debug|Win32.ActiveCfg = Debug|Win32
		{EA2DE605-D411-41EC-9AD6-A7A4DEAF1081}.LIB ASM Debug|Win32.Build.0 = Debug|Win32
		{EA2DE605-D411-41EC-9AD6-A7A4DEAF1081}.LIB ASM Release|Win32.ActiveCfg = Release|Win32
		{EA2DE605-D411-41EC-9AD6-A7A4DEAF1081}.LIB ASM Release|Win32.Build.0 = Release|Win32
		{EA2DE605-D411-41EC-9AD6-A7A4DEAF1081}.LIB Debug|Win32.ActiveCfg = Debug|Win32
		{EA2DE605-D411-41EC-9AD6-A7A4DEAF1081}.LIB Debug|Win32.Build.0 = Debug|Win32
		{EA2DE605-D411-41EC-9AD6-A7A4DEAF1081}.LIB Release|Win32.ActiveCfg = Release|Win32
		{EA2DE605-D411-41EC-9AD6-A7A4DEAF1081}.LIB Release|Win32.Build.0 = Release|Win32
		{EA2DE605-D411-41EC-9AD6-A7A4DEAF1081}.Release|Win32.ActiveCfg = Release|Win32
		{EA2DE605-D411-41EC-9AD6-A7A4DEAF1081}.RelFull|Win32.ActiveCfg = RelFull|Win32
		{35929E4A-C0E0-4103-8029-AB513E09ECF4}.Debug|Win32.ActiveCfg = Debug|Win32
		{35929E4A-C0E0-4103-8029-AB513E09ECF4}.Debug|Win32.Build.0 = Debug|Win32
		{35929E4A-C0E0-4103-8029-AB513E09ECF4}.DLL ASM Debug|Win32.ActiveCfg = Debug|Win32
		{35929E4A-C0E0-4103-8029-AB513E09ECF4}.DLL ASM Debug|Win32.Build.0 = Debug|Win32
		{35929E4A-C0E0-4103-8029-AB513E09ECF4}.DLL ASM Release|Win32.ActiveCfg = Release|Win32
		{35929E4A-C0E0-4103-8029-AB513E09ECF4}.DLL ASM Release|Win32.Build.0 = Release|Win32
		{35929E4A-C0E0-4103-8029-AB513E09ECF4}.DLL Debug|Win32.ActiveCfg = Debug|Win32
		{35929E4A-C0E0-4103-8029-AB513E09ECF4}.DLL Debug|Win32.Build.0 = Debug|Win32
		{35929E4A-C0E0-4103-8029-AB513E09ECF4}.DLL Release|Win32.ActiveCfg = Release|Win32
		{35929E4A-C0E0-4103-8029-AB513E09ECF4}.DLL Release|Win32.Build.0 = Release|Win32
		{35929E4A-C0E0-4103-8029-AB513E09ECF4}.LIB ASM Debug|Win32.ActiveCfg = Debug|Win32
		{35929E4A-C0E0-4103-8029-AB513E09ECF4}.LIB ASM Debug|Win32.Build.0 = Debug|Win32
		{35929E4A-C0E0-4103-8029-AB513E09ECF4}.LIB ASM Release|Win32.ActiveCfg = Release|Win32
		{35929E4A-C0E0-4103-8029-AB513E09ECF4}.LIB ASM Release|Win32.Build.0 = Release|Win32
		{35929E4A-C0E0-4103-8029-AB513E09ECF4}.LIB Debug|Win32.ActiveCfg = Debug|Win32
		{35929E4A-C0E0-4103-8029-AB513E09ECF4}.LIB Debug|Win32.Build.0 = Debug|Win32
		{35929E4A-C0E0-4103-8029-AB513E09ECF4}.LIB Release|Win32.ActiveCfg = Release|Win32
		{35929E4A-C0E0-4103-8029-AB513E09ECF4}.LIB Release|Win32.Build.0 = Release|Win32
		{35929E4A-C0E0-4103-8029-AB513E09ECF4}.Release|Win32.ActiveCfg = Release|Win32
		{35929E4A-C0E0-4103-8029-AB513E09ECF4}.Release|Win32.Build.0 = Release|Win32
		{35929E4A-C0E0-4103-8029-AB513E09ECF4}.RelFull|Win32.ActiveCfg = RelFull|Win32
		{35929E4A-C0E0-4103-8029-AB513E09ECF4}.RelFull|Win32.Build.0 = RelFull|Win32
		{E74CCDC6-9CB3-4AD8-8543-ECEB994CC79C}.Debug|Win32.ActiveCfg = DLL Debug|Win32
		{E74CCDC6-9CB3-4AD8-8543-ECEB994CC79C}.Debug|Win32.Build.0 = DLL Debug|Win32
		{E74CCDC6-9CB3-4AD8-8543-ECEB994CC79C}.DLL ASM Debug|Win32.ActiveCfg = DLL ASM Debug|Win32
		{E74CCDC6-9CB3-4AD8-8543-ECEB994CC79C}.DLL ASM Debug|Win32.Build.0 = DLL ASM Debug|Win32
		{E74CCDC6-9CB3-4AD8-8543-ECEB994CC79C}.DLL ASM Release|Win32.ActiveCfg = DLL ASM Release|Win32
		{E74CCDC6-9CB3-4AD8-8543-ECEB994CC79C}.DLL ASM Release|Win32.Build.0 = DLL ASM Release|Win32
		{E74CCDC6-9CB3-4AD8-8543-ECEB994CC79C}.DLL Debug|Win32.ActiveCfg = DLL Debug|Win32
		{E74CCDC6-9CB3-4AD8-8543-ECEB994CC79C}.DLL Debug|Win32.Build.0 = DLL Debug|Win32
		{E74CCDC6-9CB3-4AD8-8543-ECEB994CC79C}.DLL Release|Win32.ActiveCfg = DLL Release|Win32
		{E74CCDC6-9CB3-4AD8-8543-ECEB994CC79C}.DLL Release|Win32.Build.0 = DLL Release|Win32
		{E74CCDC6-9CB3-4AD8-8543-ECEB994CC79C}.LIB ASM Debug|Win32.ActiveCfg = LIB ASM Debug|Win32
		{E74CCDC6-9CB3-4AD8-8543-ECEB994CC79C}.LIB ASM Debug|Win32.Build.0 = LIB ASM Debug|Win32
		{E74CCDC6-9CB3-4AD8-8543-ECEB994CC79C}.LIB ASM Release|Win32.ActiveCfg = LIB ASM Release|Win32
		{E74CCDC6-9CB3-4AD8-8543-ECEB994CC79C}.LIB ASM Release|Win32.Build.0 = LIB ASM Release|Win32
		{E74CCDC6-9CB3-4AD8-8543-ECEB994CC79C}.LIB Debug|Win32.ActiveCfg = LIB Debug|Win32
		{E74CCDC6-9CB3-4AD8-8543-ECEB994CC79C}.LIB Debug|Win32.Build.0 = LIB Debug|Win32
		{E74CCDC6-9CB3-4AD8-8543-ECEB994CC79C}.LIB Release|Win32.ActiveCfg = LIB Release|Win32
		{E74CCDC6-9CB3-4AD8-8543-ECEB994CC79C}.LIB Release|Win32.Build.0 = LIB Release|Win32
		{E74CCDC6-9CB3-4AD8-8543-ECEB994CC79C}.Release|Win32.ActiveCfg = LIB ASM Release|Win32
		{E74CCDC6-9CB3-4AD8-8543-ECEB994CC79C}.Release|Win32.Build.0 = LIB ASM Release|Win32
		{E74CCDC6-9CB3-4AD8-8543-ECEB994CC79C}.RelFull|Win32.ActiveCfg = LIB ASM Release|Win32
		{E74CCDC6-9CB3-4AD8-8543-ECEB994CC79C}.RelFull|Win32.Build.0 = LIB ASM Release|Win32
	EndGlobalSection
	GlobalSection(SolutionProperties) = preSolution
		HideSolutionNode = FALSE
	EndGlobalSection
EndGlobal
