Microsoft Visual Studio Solution File, Format Version 8.00
Project("{8BC9CEB8-8B4A-11D0-8D11-00A0C91BC942}") = "buznet7", "buznet7.vcproj", "{35929E4A-C0E0-4103-8029-AB513E09ECF4}"
	ProjectSection(ProjectDependencies) = postProject
	EndProjectSection
EndProject
Project("{8BC9CEB8-8B4A-11D0-8D11-00A0C91BC942}") = "libssl", "openssl\libssl7.vcproj", "{2CDE4048-6C67-439F-83A8-9B69D1EE3A36}"
	ProjectSection(ProjectDependencies) = postProject
	EndProjectSection
EndProject
Project("{8BC9CEB8-8B4A-11D0-8D11-00A0C91BC942}") = "libcrypto", "openssl\libcrypto7.vcproj", "{2CDE4048-6C67-439F-83A8-9B69D1EE3A36}"
	ProjectSection(ProjectDependencies) = postProject
	EndProjectSection
EndProject
Project("{8BC9CEB8-8B4A-11D0-8D11-00A0C91BC942}") = "zlib", "zlib\zlib-1.2.3\projects\visualc6\zlib7.vcproj", "{E74CCDC6-9CB3-4AD8-8543-ECEB994CC79C}"
	ProjectSection(ProjectDependencies) = postProject
	EndProjectSection
EndProject
Global
	GlobalSection(SolutionConfiguration) = preSolution
		Debug = Debug
		DLL ASM Debug = DLL ASM Debug
		DLL ASM Release = DLL ASM Release
		DLL Debug = DLL Debug
		DLL Release = DLL Release
		LIB ASM Debug = LIB ASM Debug
		LIB ASM Release = LIB ASM Release
		LIB Debug = LIB Debug
		LIB Release = LIB Release
		Release = Release
		RelFull = RelFull
	EndGlobalSection
	GlobalSection(ProjectDependencies) = postSolution
	EndGlobalSection
	GlobalSection(ProjectConfiguration) = postSolution
		{35929E4A-C0E0-4103-8029-AB513E09ECF4}.Debug.ActiveCfg = Debug|Win32
		{35929E4A-C0E0-4103-8029-AB513E09ECF4}.Debug.Build.0 = Debug|Win32
		{35929E4A-C0E0-4103-8029-AB513E09ECF4}.DLL ASM Debug.ActiveCfg = Debug|Win32
		{35929E4A-C0E0-4103-8029-AB513E09ECF4}.DLL ASM Debug.Build.0 = Debug|Win32
		{35929E4A-C0E0-4103-8029-AB513E09ECF4}.DLL ASM Release.ActiveCfg = Release|Win32
		{35929E4A-C0E0-4103-8029-AB513E09ECF4}.DLL ASM Release.Build.0 = Release|Win32
		{35929E4A-C0E0-4103-8029-AB513E09ECF4}.DLL Debug.ActiveCfg = Debug|Win32
		{35929E4A-C0E0-4103-8029-AB513E09ECF4}.DLL Debug.Build.0 = Debug|Win32
		{35929E4A-C0E0-4103-8029-AB513E09ECF4}.DLL Release.ActiveCfg = Release|Win32
		{35929E4A-C0E0-4103-8029-AB513E09ECF4}.DLL Release.Build.0 = Release|Win32
		{35929E4A-C0E0-4103-8029-AB513E09ECF4}.LIB ASM Debug.ActiveCfg = Debug|Win32
		{35929E4A-C0E0-4103-8029-AB513E09ECF4}.LIB ASM Debug.Build.0 = Debug|Win32
		{35929E4A-C0E0-4103-8029-AB513E09ECF4}.LIB ASM Release.ActiveCfg = Release|Win32
		{35929E4A-C0E0-4103-8029-AB513E09ECF4}.LIB ASM Release.Build.0 = Release|Win32
		{35929E4A-C0E0-4103-8029-AB513E09ECF4}.LIB Debug.ActiveCfg = Debug|Win32
		{35929E4A-C0E0-4103-8029-AB513E09ECF4}.LIB Debug.Build.0 = Debug|Win32
		{35929E4A-C0E0-4103-8029-AB513E09ECF4}.LIB Release.ActiveCfg = Release|Win32
		{35929E4A-C0E0-4103-8029-AB513E09ECF4}.LIB Release.Build.0 = Release|Win32
		{35929E4A-C0E0-4103-8029-AB513E09ECF4}.Release.ActiveCfg = Release|Win32
		{35929E4A-C0E0-4103-8029-AB513E09ECF4}.Release.Build.0 = Release|Win32
		{35929E4A-C0E0-4103-8029-AB513E09ECF4}.RelFull.ActiveCfg = RelFull|Win32
		{35929E4A-C0E0-4103-8029-AB513E09ECF4}.RelFull.Build.0 = RelFull|Win32
		{2CDE4048-6C67-439F-83A8-9B69D1EE3A36}.Debug.ActiveCfg = Debug|Win32
		{2CDE4048-6C67-439F-83A8-9B69D1EE3A36}.Debug.Build.0 = Debug|Win32
		{2CDE4048-6C67-439F-83A8-9B69D1EE3A36}.DLL ASM Debug.ActiveCfg = Debug|Win32
		{2CDE4048-6C67-439F-83A8-9B69D1EE3A36}.DLL ASM Debug.Build.0 = Debug|Win32
		{2CDE4048-6C67-439F-83A8-9B69D1EE3A36}.DLL ASM Release.ActiveCfg = Release|Win32
		{2CDE4048-6C67-439F-83A8-9B69D1EE3A36}.DLL ASM Release.Build.0 = Release|Win32
		{2CDE4048-6C67-439F-83A8-9B69D1EE3A36}.DLL Debug.ActiveCfg = Debug|Win32
		{2CDE4048-6C67-439F-83A8-9B69D1EE3A36}.DLL Debug.Build.0 = Debug|Win32
		{2CDE4048-6C67-439F-83A8-9B69D1EE3A36}.DLL Release.ActiveCfg = Release|Win32
		{2CDE4048-6C67-439F-83A8-9B69D1EE3A36}.DLL Release.Build.0 = Release|Win32
		{2CDE4048-6C67-439F-83A8-9B69D1EE3A36}.LIB ASM Debug.ActiveCfg = Debug|Win32
		{2CDE4048-6C67-439F-83A8-9B69D1EE3A36}.LIB ASM Debug.Build.0 = Debug|Win32
		{2CDE4048-6C67-439F-83A8-9B69D1EE3A36}.LIB ASM Release.ActiveCfg = Release|Win32
		{2CDE4048-6C67-439F-83A8-9B69D1EE3A36}.LIB ASM Release.Build.0 = Release|Win32
		{2CDE4048-6C67-439F-83A8-9B69D1EE3A36}.LIB Debug.ActiveCfg = Debug|Win32
		{2CDE4048-6C67-439F-83A8-9B69D1EE3A36}.LIB Debug.Build.0 = Debug|Win32
		{2CDE4048-6C67-439F-83A8-9B69D1EE3A36}.LIB Release.ActiveCfg = Release|Win32
		{2CDE4048-6C67-439F-83A8-9B69D1EE3A36}.LIB Release.Build.0 = Release|Win32
		{2CDE4048-6C67-439F-83A8-9B69D1EE3A36}.Release.ActiveCfg = Release|Win32
		{2CDE4048-6C67-439F-83A8-9B69D1EE3A36}.Release.Build.0 = Release|Win32
		{2CDE4048-6C67-439F-83A8-9B69D1EE3A36}.RelFull.ActiveCfg = RelFull|Win32
		{2CDE4048-6C67-439F-83A8-9B69D1EE3A36}.RelFull.Build.0 = RelFull|Win32
		{2CDE4048-6C67-439F-83A8-9B69D1EE3A36}.Debug.ActiveCfg = Debug|Win32
		{2CDE4048-6C67-439F-83A8-9B69D1EE3A36}.Debug.Build.0 = Debug|Win32
		{2CDE4048-6C67-439F-83A8-9B69D1EE3A36}.DLL ASM Debug.ActiveCfg = Debug|Win32
		{2CDE4048-6C67-439F-83A8-9B69D1EE3A36}.DLL ASM Debug.Build.0 = Debug|Win32
		{2CDE4048-6C67-439F-83A8-9B69D1EE3A36}.DLL ASM Release.ActiveCfg = Release|Win32
		{2CDE4048-6C67-439F-83A8-9B69D1EE3A36}.DLL ASM Release.Build.0 = Release|Win32
		{2CDE4048-6C67-439F-83A8-9B69D1EE3A36}.DLL Debug.ActiveCfg = Debug|Win32
		{2CDE4048-6C67-439F-83A8-9B69D1EE3A36}.DLL Debug.Build.0 = Debug|Win32
		{2CDE4048-6C67-439F-83A8-9B69D1EE3A36}.DLL Release.ActiveCfg = Release|Win32
		{2CDE4048-6C67-439F-83A8-9B69D1EE3A36}.DLL Release.Build.0 = Release|Win32
		{2CDE4048-6C67-439F-83A8-9B69D1EE3A36}.LIB ASM Debug.ActiveCfg = Debug|Win32
		{2CDE4048-6C67-439F-83A8-9B69D1EE3A36}.LIB ASM Debug.Build.0 = Debug|Win32
		{2CDE4048-6C67-439F-83A8-9B69D1EE3A36}.LIB ASM Release.ActiveCfg = Release|Win32
		{2CDE4048-6C67-439F-83A8-9B69D1EE3A36}.LIB ASM Release.Build.0 = Release|Win32
		{2CDE4048-6C67-439F-83A8-9B69D1EE3A36}.LIB Debug.ActiveCfg = Debug|Win32
		{2CDE4048-6C67-439F-83A8-9B69D1EE3A36}.LIB Debug.Build.0 = Debug|Win32
		{2CDE4048-6C67-439F-83A8-9B69D1EE3A36}.LIB Release.ActiveCfg = Release|Win32
		{2CDE4048-6C67-439F-83A8-9B69D1EE3A36}.LIB Release.Build.0 = Release|Win32
		{2CDE4048-6C67-439F-83A8-9B69D1EE3A36}.Release.ActiveCfg = Release|Win32
		{2CDE4048-6C67-439F-83A8-9B69D1EE3A36}.Release.Build.0 = Release|Win32
		{2CDE4048-6C67-439F-83A8-9B69D1EE3A36}.RelFull.ActiveCfg = RelFull|Win32
		{2CDE4048-6C67-439F-83A8-9B69D1EE3A36}.RelFull.Build.0 = RelFull|Win32
		{E74CCDC6-9CB3-4AD8-8543-ECEB994CC79C}.Debug.ActiveCfg = DLL Debug|Win32
		{E74CCDC6-9CB3-4AD8-8543-ECEB994CC79C}.Debug.Build.0 = DLL Debug|Win32
		{E74CCDC6-9CB3-4AD8-8543-ECEB994CC79C}.DLL ASM Debug.ActiveCfg = DLL ASM Debug|Win32
		{E74CCDC6-9CB3-4AD8-8543-ECEB994CC79C}.DLL ASM Debug.Build.0 = DLL ASM Debug|Win32
		{E74CCDC6-9CB3-4AD8-8543-ECEB994CC79C}.DLL ASM Release.ActiveCfg = DLL ASM Release|Win32
		{E74CCDC6-9CB3-4AD8-8543-ECEB994CC79C}.DLL ASM Release.Build.0 = DLL ASM Release|Win32
		{E74CCDC6-9CB3-4AD8-8543-ECEB994CC79C}.DLL Debug.ActiveCfg = DLL Debug|Win32
		{E74CCDC6-9CB3-4AD8-8543-ECEB994CC79C}.DLL Debug.Build.0 = DLL Debug|Win32
		{E74CCDC6-9CB3-4AD8-8543-ECEB994CC79C}.DLL Release.ActiveCfg = DLL Release|Win32
		{E74CCDC6-9CB3-4AD8-8543-ECEB994CC79C}.DLL Release.Build.0 = DLL Release|Win32
		{E74CCDC6-9CB3-4AD8-8543-ECEB994CC79C}.LIB ASM Debug.ActiveCfg = LIB ASM Debug|Win32
		{E74CCDC6-9CB3-4AD8-8543-ECEB994CC79C}.LIB ASM Debug.Build.0 = LIB ASM Debug|Win32
		{E74CCDC6-9CB3-4AD8-8543-ECEB994CC79C}.LIB ASM Release.ActiveCfg = LIB ASM Release|Win32
		{E74CCDC6-9CB3-4AD8-8543-ECEB994CC79C}.LIB ASM Release.Build.0 = LIB ASM Release|Win32
		{E74CCDC6-9CB3-4AD8-8543-ECEB994CC79C}.LIB Debug.ActiveCfg = LIB Debug|Win32
		{E74CCDC6-9CB3-4AD8-8543-ECEB994CC79C}.LIB Debug.Build.0 = LIB Debug|Win32
		{E74CCDC6-9CB3-4AD8-8543-ECEB994CC79C}.LIB Release.ActiveCfg = LIB Release|Win32
		{E74CCDC6-9CB3-4AD8-8543-ECEB994CC79C}.LIB Release.Build.0 = LIB Release|Win32
		{E74CCDC6-9CB3-4AD8-8543-ECEB994CC79C}.Release.ActiveCfg = LIB ASM Release|Win32
		{E74CCDC6-9CB3-4AD8-8543-ECEB994CC79C}.Release.Build.0 = LIB ASM Release|Win32
		{E74CCDC6-9CB3-4AD8-8543-ECEB994CC79C}.RelFull.ActiveCfg = LIB ASM Release|Win32
		{E74CCDC6-9CB3-4AD8-8543-ECEB994CC79C}.RelFull.Build.0 = LIB ASM Release|Win32
	EndGlobalSection
	GlobalSection(ExtensibilityGlobals) = postSolution
	EndGlobalSection
	GlobalSection(ExtensibilityAddIns) = postSolution
	EndGlobalSection
EndGlobal
