Microsoft Visual Studio Solution File, Format Version 8.00
Project("{8BC9CEB8-8B4A-11D0-8D11-00A0C91BC942}") = "dbase", "dbase.vcproj", "{215AAAED-6B43-4AE0-B9F9-13D07CBB778B}"
	ProjectSection(ProjectDependencies) = postProject
	EndProjectSection
EndProject
Global
	GlobalSection(SolutionConfiguration) = preSolution
		Debug = Debug
		Release = Release
	EndGlobalSection
	GlobalSection(ProjectDependencies) = postSolution
	EndGlobalSection
	GlobalSection(ProjectConfiguration) = postSolution
		{215AAAED-6B43-4AE0-B9F9-13D07CBB778B}.Debug.ActiveCfg = Debug|Win32
		{215AAAED-6B43-4AE0-B9F9-13D07CBB778B}.Debug.Build.0 = Debug|Win32
		{215AAAED-6B43-4AE0-B9F9-13D07CBB778B}.Release.ActiveCfg = Release|Win32
		{215AAAED-6B43-4AE0-B9F9-13D07CBB778B}.Release.Build.0 = Release|Win32
	EndGlobalSection
	GlobalSection(ExtensibilityGlobals) = postSolution
	EndGlobalSection
	GlobalSection(ExtensibilityAddIns) = postSolution
	EndGlobalSection
EndGlobal
